# This file was autogenerated by Stack.
# You should not edit this file by hand.
# For more information, please see the documentation at:
#   https://docs.haskellstack.org/en/stable/lock_files

packages:
- completed:
    hackage: servant-pagination-2.5.0@sha256:f22554b5c2844909c6cc8c50deee2c0e44b1a9977d647a755518569f28678d80,4756
    pantry-tree:
      sha256: 70fb734ba69aafdf3f271c03eb5b274ca9899badf2cc3b5da9632ed92729ad67
      size: 741
  original:
    hackage: servant-pagination-2.5.0
snapshots:
- completed:
    sha256: 4905c93319aa94aa53da8f41d614d7bacdbfe6c63a8c6132d32e6e62f24a9af4
    size: 649315
    url: https://raw.githubusercontent.com/commercialhaskell/stackage-snapshots/master/lts/20/6.yaml
  original:
    url: https://raw.githubusercontent.com/commercialhaskell/stackage-snapshots/master/lts/20/6.yaml
